
Microsoft Visual Studio Solution File, Format Version 12.00
# Visual Studio Version 17
VisualStudioVersion = 17.4.33403.182
MinimumVisualStudioVersion = 10.0.40219.1
Project("{9A19103F-16F7-4668-BE54-9A1E7A4F7556}") = "X16D", "X16D\X16D.csproj", "{1A61AC4C-C457-44E1-844D-DE1E5FCCF6E2}"
EndProject
Project("{9A19103F-16F7-4668-BE54-9A1E7A4F7556}") = "BitMagic.X16Emulator", "..\BitMagic.X16Emulator\BitMagic.X16Emulator\BitMagic.X16Emulator.csproj", "{647502D0-C8BB-44BB-8BD8-A965EB740E13}"
EndProject
Project("{2150E333-8FDC-42A3-9474-1A3956D46DE8}") = "Emulator", "Emulator", "{56C1711B-E0BB-40B0-BAF6-77E3206969A6}"
EndProject
Project("{9A19103F-16F7-4668-BE54-9A1E7A4F7556}") = "BitMagic.X16Emulator.Display", "..\BitMagic.X16Emulator\BitMagic.X16Emulator.Display\BitMagic.X16Emulator.Display.csproj", "{38918A95-0C95-474D-8359-8ECCD82EF3D4}"
EndProject
Project("{8BC9CEB8-8B4A-11D0-8D11-00A0C91BC942}") = "EmulatorCore", "..\BitMagic.X16Emulator\X16Emulator\EmulatorCore\EmulatorCore.vcxproj", "{C67527D8-12DD-4779-88AC-933CA3E46168}"
EndProject
Project("{2150E333-8FDC-42A3-9474-1A3956D46DE8}") = "Compiler", "Compiler", "{CC27194D-7040-412F-B2B0-D306FCB3B55A}"
EndProject
Project("{9A19103F-16F7-4668-BE54-9A1E7A4F7556}") = "BitMagic.Compiler", "..\BitMagic.X16Compiler\BitMagic.Compiler\BitMagic.Compiler.csproj", "{D51BE2FA-34C4-458A-AB87-465735D0C31A}"
EndProject
Project("{9A19103F-16F7-4668-BE54-9A1E7A4F7556}") = "BitMagic.Compiler.Cpu", "..\BitMagic.X16Compiler\BitMagic.Compiler.Cpu\BitMagic.Compiler.Cpu.csproj", "{12F7B102-D37E-4FCC-BE96-0DA263AD04BA}"
EndProject
Project("{9A19103F-16F7-4668-BE54-9A1E7A4F7556}") = "BitMagic.Cpu", "..\BitMagic.X16Compiler\BitMagic.Cpu\BitMagic.Cpu.csproj", "{35246774-35E3-465C-ADA1-91FD0B3B414E}"
EndProject
Project("{9A19103F-16F7-4668-BE54-9A1E7A4F7556}") = "BitMagic.Machines", "..\BitMagic.X16Compiler\BitMagic.Machines\BitMagic.Machines.csproj", "{76C8671F-D8ED-4D63-987B-92DBEA8CDF5B}"
EndProject
Project("{2150E333-8FDC-42A3-9474-1A3956D46DE8}") = "DiscUtils", "DiscUtils", "{52770F4D-C2B2-447A-8498-2D1E13EECA86}"
EndProject
Project("{9A19103F-16F7-4668-BE54-9A1E7A4F7556}") = "DiscUtils.Core", "..\External\DiscUtils\Library\DiscUtils.Core\DiscUtils.Core.csproj", "{D01951DC-147D-45AE-B247-AAE63AB1EA67}"
EndProject
Project("{9A19103F-16F7-4668-BE54-9A1E7A4F7556}") = "DiscUtils.Fat", "..\External\DiscUtils\Library\DiscUtils.Fat\DiscUtils.Fat.csproj", "{94130F06-A2F0-4D69-85D3-73B914CE5860}"
EndProject
Project("{9A19103F-16F7-4668-BE54-9A1E7A4F7556}") = "DiscUtils.Streams", "..\External\DiscUtils\Library\DiscUtils.Streams\DiscUtils.Streams.csproj", "{F80FE5A5-A12B-4C20-BB9E-F5D5ED701EFF}"
EndProject
Project("{9A19103F-16F7-4668-BE54-9A1E7A4F7556}") = "DiscUtils.Vdi", "..\External\DiscUtils\Library\DiscUtils.Vdi\DiscUtils.Vdi.csproj", "{B946B422-41CB-4901-AE76-1BE8B6AC8559}"
EndProject
Project("{9A19103F-16F7-4668-BE54-9A1E7A4F7556}") = "DiscUtils.Vhd", "..\External\DiscUtils\Library\DiscUtils.Vhd\DiscUtils.Vhd.csproj", "{CDC2717D-EF18-4DB3-A484-90D6793E7D80}"
EndProject
Project("{9A19103F-16F7-4668-BE54-9A1E7A4F7556}") = "BitMagic.X16Debugger", "BitMagic.X16Debugger\BitMagic.X16Debugger.csproj", "{731098DC-8E99-472F-BC7E-CF08A237E833}"
EndProject
Global
	GlobalSection(SolutionConfigurationPlatforms) = preSolution
		Debug|Any CPU = Debug|Any CPU
		Debug|x64 = Debug|x64
		Debug|x86 = Debug|x86
		Release|Any CPU = Release|Any CPU
		Release|x64 = Release|x64
		Release|x86 = Release|x86
	EndGlobalSection
	GlobalSection(ProjectConfigurationPlatforms) = postSolution
		{1A61AC4C-C457-44E1-844D-DE1E5FCCF6E2}.Debug|Any CPU.ActiveCfg = Debug|Any CPU
		{1A61AC4C-C457-44E1-844D-DE1E5FCCF6E2}.Debug|Any CPU.Build.0 = Debug|Any CPU
		{1A61AC4C-C457-44E1-844D-DE1E5FCCF6E2}.Debug|x64.ActiveCfg = Debug|Any CPU
		{1A61AC4C-C457-44E1-844D-DE1E5FCCF6E2}.Debug|x64.Build.0 = Debug|Any CPU
		{1A61AC4C-C457-44E1-844D-DE1E5FCCF6E2}.Debug|x86.ActiveCfg = Debug|Any CPU
		{1A61AC4C-C457-44E1-844D-DE1E5FCCF6E2}.Debug|x86.Build.0 = Debug|Any CPU
		{1A61AC4C-C457-44E1-844D-DE1E5FCCF6E2}.Release|Any CPU.ActiveCfg = Release|Any CPU
		{1A61AC4C-C457-44E1-844D-DE1E5FCCF6E2}.Release|Any CPU.Build.0 = Release|Any CPU
		{1A61AC4C-C457-44E1-844D-DE1E5FCCF6E2}.Release|x64.ActiveCfg = Release|Any CPU
		{1A61AC4C-C457-44E1-844D-DE1E5FCCF6E2}.Release|x64.Build.0 = Release|Any CPU
		{1A61AC4C-C457-44E1-844D-DE1E5FCCF6E2}.Release|x86.ActiveCfg = Release|Any CPU
		{1A61AC4C-C457-44E1-844D-DE1E5FCCF6E2}.Release|x86.Build.0 = Release|Any CPU
		{647502D0-C8BB-44BB-8BD8-A965EB740E13}.Debug|Any CPU.ActiveCfg = Debug|Any CPU
		{647502D0-C8BB-44BB-8BD8-A965EB740E13}.Debug|Any CPU.Build.0 = Debug|Any CPU
		{647502D0-C8BB-44BB-8BD8-A965EB740E13}.Debug|x64.ActiveCfg = Debug|Any CPU
		{647502D0-C8BB-44BB-8BD8-A965EB740E13}.Debug|x64.Build.0 = Debug|Any CPU
		{647502D0-C8BB-44BB-8BD8-A965EB740E13}.Debug|x86.ActiveCfg = Debug|Any CPU
		{647502D0-C8BB-44BB-8BD8-A965EB740E13}.Debug|x86.Build.0 = Debug|Any CPU
		{647502D0-C8BB-44BB-8BD8-A965EB740E13}.Release|Any CPU.ActiveCfg = Release|Any CPU
		{647502D0-C8BB-44BB-8BD8-A965EB740E13}.Release|Any CPU.Build.0 = Release|Any CPU
		{647502D0-C8BB-44BB-8BD8-A965EB740E13}.Release|x64.ActiveCfg = Release|Any CPU
		{647502D0-C8BB-44BB-8BD8-A965EB740E13}.Release|x64.Build.0 = Release|Any CPU
		{647502D0-C8BB-44BB-8BD8-A965EB740E13}.Release|x86.ActiveCfg = Release|Any CPU
		{647502D0-C8BB-44BB-8BD8-A965EB740E13}.Release|x86.Build.0 = Release|Any CPU
		{38918A95-0C95-474D-8359-8ECCD82EF3D4}.Debug|Any CPU.ActiveCfg = Debug|Any CPU
		{38918A95-0C95-474D-8359-8ECCD82EF3D4}.Debug|Any CPU.Build.0 = Debug|Any CPU
		{38918A95-0C95-474D-8359-8ECCD82EF3D4}.Debug|x64.ActiveCfg = Debug|Any CPU
		{38918A95-0C95-474D-8359-8ECCD82EF3D4}.Debug|x64.Build.0 = Debug|Any CPU
		{38918A95-0C95-474D-8359-8ECCD82EF3D4}.Debug|x86.ActiveCfg = Debug|Any CPU
		{38918A95-0C95-474D-8359-8ECCD82EF3D4}.Debug|x86.Build.0 = Debug|Any CPU
		{38918A95-0C95-474D-8359-8ECCD82EF3D4}.Release|Any CPU.ActiveCfg = Release|Any CPU
		{38918A95-0C95-474D-8359-8ECCD82EF3D4}.Release|Any CPU.Build.0 = Release|Any CPU
		{38918A95-0C95-474D-8359-8ECCD82EF3D4}.Release|x64.ActiveCfg = Release|Any CPU
		{38918A95-0C95-474D-8359-8ECCD82EF3D4}.Release|x64.Build.0 = Release|Any CPU
		{38918A95-0C95-474D-8359-8ECCD82EF3D4}.Release|x86.ActiveCfg = Release|Any CPU
		{38918A95-0C95-474D-8359-8ECCD82EF3D4}.Release|x86.Build.0 = Release|Any CPU
		{C67527D8-12DD-4779-88AC-933CA3E46168}.Debug|Any CPU.ActiveCfg = Debug|x64
		{C67527D8-12DD-4779-88AC-933CA3E46168}.Debug|Any CPU.Build.0 = Debug|x64
		{C67527D8-12DD-4779-88AC-933CA3E46168}.Debug|x64.ActiveCfg = Debug|x64
		{C67527D8-12DD-4779-88AC-933CA3E46168}.Debug|x64.Build.0 = Debug|x64
		{C67527D8-12DD-4779-88AC-933CA3E46168}.Debug|x86.ActiveCfg = Debug|Win32
		{C67527D8-12DD-4779-88AC-933CA3E46168}.Debug|x86.Build.0 = Debug|Win32
		{C67527D8-12DD-4779-88AC-933CA3E46168}.Release|Any CPU.ActiveCfg = Release|x64
		{C67527D8-12DD-4779-88AC-933CA3E46168}.Release|Any CPU.Build.0 = Release|x64
		{C67527D8-12DD-4779-88AC-933CA3E46168}.Release|x64.ActiveCfg = Release|x64
		{C67527D8-12DD-4779-88AC-933CA3E46168}.Release|x64.Build.0 = Release|x64
		{C67527D8-12DD-4779-88AC-933CA3E46168}.Release|x86.ActiveCfg = Release|Win32
		{C67527D8-12DD-4779-88AC-933CA3E46168}.Release|x86.Build.0 = Release|Win32
		{D51BE2FA-34C4-458A-AB87-465735D0C31A}.Debug|Any CPU.ActiveCfg = Debug|Any CPU
		{D51BE2FA-34C4-458A-AB87-465735D0C31A}.Debug|Any CPU.Build.0 = Debug|Any CPU
		{D51BE2FA-34C4-458A-AB87-465735D0C31A}.Debug|x64.ActiveCfg = Debug|Any CPU
		{D51BE2FA-34C4-458A-AB87-465735D0C31A}.Debug|x64.Build.0 = Debug|Any CPU
		{D51BE2FA-34C4-458A-AB87-465735D0C31A}.Debug|x86.ActiveCfg = Debug|Any CPU
		{D51BE2FA-34C4-458A-AB87-465735D0C31A}.Debug|x86.Build.0 = Debug|Any CPU
		{D51BE2FA-34C4-458A-AB87-465735D0C31A}.Release|Any CPU.ActiveCfg = Release|Any CPU
		{D51BE2FA-34C4-458A-AB87-465735D0C31A}.Release|Any CPU.Build.0 = Release|Any CPU
		{D51BE2FA-34C4-458A-AB87-465735D0C31A}.Release|x64.ActiveCfg = Release|Any CPU
		{D51BE2FA-34C4-458A-AB87-465735D0C31A}.Release|x64.Build.0 = Release|Any CPU
		{D51BE2FA-34C4-458A-AB87-465735D0C31A}.Release|x86.ActiveCfg = Release|Any CPU
		{D51BE2FA-34C4-458A-AB87-465735D0C31A}.Release|x86.Build.0 = Release|Any CPU
		{12F7B102-D37E-4FCC-BE96-0DA263AD04BA}.Debug|Any CPU.ActiveCfg = Debug|Any CPU
		{12F7B102-D37E-4FCC-BE96-0DA263AD04BA}.Debug|Any CPU.Build.0 = Debug|Any CPU
		{12F7B102-D37E-4FCC-BE96-0DA263AD04BA}.Debug|x64.ActiveCfg = Debug|Any CPU
		{12F7B102-D37E-4FCC-BE96-0DA263AD04BA}.Debug|x64.Build.0 = Debug|Any CPU
		{12F7B102-D37E-4FCC-BE96-0DA263AD04BA}.Debug|x86.ActiveCfg = Debug|Any CPU
		{12F7B102-D37E-4FCC-BE96-0DA263AD04BA}.Debug|x86.Build.0 = Debug|Any CPU
		{12F7B102-D37E-4FCC-BE96-0DA263AD04BA}.Release|Any CPU.ActiveCfg = Release|Any CPU
		{12F7B102-D37E-4FCC-BE96-0DA263AD04BA}.Release|Any CPU.Build.0 = Release|Any CPU
		{12F7B102-D37E-4FCC-BE96-0DA263AD04BA}.Release|x64.ActiveCfg = Release|Any CPU
		{12F7B102-D37E-4FCC-BE96-0DA263AD04BA}.Release|x64.Build.0 = Release|Any CPU
		{12F7B102-D37E-4FCC-BE96-0DA263AD04BA}.Release|x86.ActiveCfg = Release|Any CPU
		{12F7B102-D37E-4FCC-BE96-0DA263AD04BA}.Release|x86.Build.0 = Release|Any CPU
		{35246774-35E3-465C-ADA1-91FD0B3B414E}.Debug|Any CPU.ActiveCfg = Debug|Any CPU
		{35246774-35E3-465C-ADA1-91FD0B3B414E}.Debug|Any CPU.Build.0 = Debug|Any CPU
		{35246774-35E3-465C-ADA1-91FD0B3B414E}.Debug|x64.ActiveCfg = Debug|Any CPU
		{35246774-35E3-465C-ADA1-91FD0B3B414E}.Debug|x64.Build.0 = Debug|Any CPU
		{35246774-35E3-465C-ADA1-91FD0B3B414E}.Debug|x86.ActiveCfg = Debug|Any CPU
		{35246774-35E3-465C-ADA1-91FD0B3B414E}.Debug|x86.Build.0 = Debug|Any CPU
		{35246774-35E3-465C-ADA1-91FD0B3B414E}.Release|Any CPU.ActiveCfg = Release|Any CPU
		{35246774-35E3-465C-ADA1-91FD0B3B414E}.Release|Any CPU.Build.0 = Release|Any CPU
		{35246774-35E3-465C-ADA1-91FD0B3B414E}.Release|x64.ActiveCfg = Release|Any CPU
		{35246774-35E3-465C-ADA1-91FD0B3B414E}.Release|x64.Build.0 = Release|Any CPU
		{35246774-35E3-465C-ADA1-91FD0B3B414E}.Release|x86.ActiveCfg = Release|Any CPU
		{35246774-35E3-465C-ADA1-91FD0B3B414E}.Release|x86.Build.0 = Release|Any CPU
		{76C8671F-D8ED-4D63-987B-92DBEA8CDF5B}.Debug|Any CPU.ActiveCfg = Debug|Any CPU
		{76C8671F-D8ED-4D63-987B-92DBEA8CDF5B}.Debug|Any CPU.Build.0 = Debug|Any CPU
		{76C8671F-D8ED-4D63-987B-92DBEA8CDF5B}.Debug|x64.ActiveCfg = Debug|Any CPU
		{76C8671F-D8ED-4D63-987B-92DBEA8CDF5B}.Debug|x64.Build.0 = Debug|Any CPU
		{76C8671F-D8ED-4D63-987B-92DBEA8CDF5B}.Debug|x86.ActiveCfg = Debug|Any CPU
		{76C8671F-D8ED-4D63-987B-92DBEA8CDF5B}.Debug|x86.Build.0 = Debug|Any CPU
		{76C8671F-D8ED-4D63-987B-92DBEA8CDF5B}.Release|Any CPU.ActiveCfg = Release|Any CPU
		{76C8671F-D8ED-4D63-987B-92DBEA8CDF5B}.Release|Any CPU.Build.0 = Release|Any CPU
		{76C8671F-D8ED-4D63-987B-92DBEA8CDF5B}.Release|x64.ActiveCfg = Release|Any CPU
		{76C8671F-D8ED-4D63-987B-92DBEA8CDF5B}.Release|x64.Build.0 = Release|Any CPU
		{76C8671F-D8ED-4D63-987B-92DBEA8CDF5B}.Release|x86.ActiveCfg = Release|Any CPU
		{76C8671F-D8ED-4D63-987B-92DBEA8CDF5B}.Release|x86.Build.0 = Release|Any CPU
		{D01951DC-147D-45AE-B247-AAE63AB1EA67}.Debug|Any CPU.ActiveCfg = Debug|Any CPU
		{D01951DC-147D-45AE-B247-AAE63AB1EA67}.Debug|Any CPU.Build.0 = Debug|Any CPU
		{D01951DC-147D-45AE-B247-AAE63AB1EA67}.Debug|x64.ActiveCfg = Debug|Any CPU
		{D01951DC-147D-45AE-B247-AAE63AB1EA67}.Debug|x64.Build.0 = Debug|Any CPU
		{D01951DC-147D-45AE-B247-AAE63AB1EA67}.Debug|x86.ActiveCfg = Debug|Any CPU
		{D01951DC-147D-45AE-B247-AAE63AB1EA67}.Debug|x86.Build.0 = Debug|Any CPU
		{D01951DC-147D-45AE-B247-AAE63AB1EA67}.Release|Any CPU.ActiveCfg = Release|Any CPU
		{D01951DC-147D-45AE-B247-AAE63AB1EA67}.Release|Any CPU.Build.0 = Release|Any CPU
		{D01951DC-147D-45AE-B247-AAE63AB1EA67}.Release|x64.ActiveCfg = Release|Any CPU
		{D01951DC-147D-45AE-B247-AAE63AB1EA67}.Release|x64.Build.0 = Release|Any CPU
		{D01951DC-147D-45AE-B247-AAE63AB1EA67}.Release|x86.ActiveCfg = Release|Any CPU
		{D01951DC-147D-45AE-B247-AAE63AB1EA67}.Release|x86.Build.0 = Release|Any CPU
		{94130F06-A2F0-4D69-85D3-73B914CE5860}.Debug|Any CPU.ActiveCfg = Debug|Any CPU
		{94130F06-A2F0-4D69-85D3-73B914CE5860}.Debug|Any CPU.Build.0 = Debug|Any CPU
		{94130F06-A2F0-4D69-85D3-73B914CE5860}.Debug|x64.ActiveCfg = Debug|Any CPU
		{94130F06-A2F0-4D69-85D3-73B914CE5860}.Debug|x64.Build.0 = Debug|Any CPU
		{94130F06-A2F0-4D69-85D3-73B914CE5860}.Debug|x86.ActiveCfg = Debug|Any CPU
		{94130F06-A2F0-4D69-85D3-73B914CE5860}.Debug|x86.Build.0 = Debug|Any CPU
		{94130F06-A2F0-4D69-85D3-73B914CE5860}.Release|Any CPU.ActiveCfg = Release|Any CPU
		{94130F06-A2F0-4D69-85D3-73B914CE5860}.Release|Any CPU.Build.0 = Release|Any CPU
		{94130F06-A2F0-4D69-85D3-73B914CE5860}.Release|x64.ActiveCfg = Release|Any CPU
		{94130F06-A2F0-4D69-85D3-73B914CE5860}.Release|x64.Build.0 = Release|Any CPU
		{94130F06-A2F0-4D69-85D3-73B914CE5860}.Release|x86.ActiveCfg = Release|Any CPU
		{94130F06-A2F0-4D69-85D3-73B914CE5860}.Release|x86.Build.0 = Release|Any CPU
		{F80FE5A5-A12B-4C20-BB9E-F5D5ED701EFF}.Debug|Any CPU.ActiveCfg = Debug|Any CPU
		{F80FE5A5-A12B-4C20-BB9E-F5D5ED701EFF}.Debug|Any CPU.Build.0 = Debug|Any CPU
		{F80FE5A5-A12B-4C20-BB9E-F5D5ED701EFF}.Debug|x64.ActiveCfg = Debug|Any CPU
		{F80FE5A5-A12B-4C20-BB9E-F5D5ED701EFF}.Debug|x64.Build.0 = Debug|Any CPU
		{F80FE5A5-A12B-4C20-BB9E-F5D5ED701EFF}.Debug|x86.ActiveCfg = Debug|Any CPU
		{F80FE5A5-A12B-4C20-BB9E-F5D5ED701EFF}.Debug|x86.Build.0 = Debug|Any CPU
		{F80FE5A5-A12B-4C20-BB9E-F5D5ED701EFF}.Release|Any CPU.ActiveCfg = Release|Any CPU
		{F80FE5A5-A12B-4C20-BB9E-F5D5ED701EFF}.Release|Any CPU.Build.0 = Release|Any CPU
		{F80FE5A5-A12B-4C20-BB9E-F5D5ED701EFF}.Release|x64.ActiveCfg = Release|Any CPU
		{F80FE5A5-A12B-4C20-BB9E-F5D5ED701EFF}.Release|x64.Build.0 = Release|Any CPU
		{F80FE5A5-A12B-4C20-BB9E-F5D5ED701EFF}.Release|x86.ActiveCfg = Release|Any CPU
		{F80FE5A5-A12B-4C20-BB9E-F5D5ED701EFF}.Release|x86.Build.0 = Release|Any CPU
		{B946B422-41CB-4901-AE76-1BE8B6AC8559}.Debug|Any CPU.ActiveCfg = Debug|Any CPU
		{B946B422-41CB-4901-AE76-1BE8B6AC8559}.Debug|Any CPU.Build.0 = Debug|Any CPU
		{B946B422-41CB-4901-AE76-1BE8B6AC8559}.Debug|x64.ActiveCfg = Debug|Any CPU
		{B946B422-41CB-4901-AE76-1BE8B6AC8559}.Debug|x64.Build.0 = Debug|Any CPU
		{B946B422-41CB-4901-AE76-1BE8B6AC8559}.Debug|x86.ActiveCfg = Debug|Any CPU
		{B946B422-41CB-4901-AE76-1BE8B6AC8559}.Debug|x86.Build.0 = Debug|Any CPU
		{B946B422-41CB-4901-AE76-1BE8B6AC8559}.Release|Any CPU.ActiveCfg = Release|Any CPU
		{B946B422-41CB-4901-AE76-1BE8B6AC8559}.Release|Any CPU.Build.0 = Release|Any CPU
		{B946B422-41CB-4901-AE76-1BE8B6AC8559}.Release|x64.ActiveCfg = Release|Any CPU
		{B946B422-41CB-4901-AE76-1BE8B6AC8559}.Release|x64.Build.0 = Release|Any CPU
		{B946B422-41CB-4901-AE76-1BE8B6AC8559}.Release|x86.ActiveCfg = Release|Any CPU
		{B946B422-41CB-4901-AE76-1BE8B6AC8559}.Release|x86.Build.0 = Release|Any CPU
		{CDC2717D-EF18-4DB3-A484-90D6793E7D80}.Debug|Any CPU.ActiveCfg = Debug|Any CPU
		{CDC2717D-EF18-4DB3-A484-90D6793E7D80}.Debug|Any CPU.Build.0 = Debug|Any CPU
		{CDC2717D-EF18-4DB3-A484-90D6793E7D80}.Debug|x64.ActiveCfg = Debug|Any CPU
		{CDC2717D-EF18-4DB3-A484-90D6793E7D80}.Debug|x64.Build.0 = Debug|Any CPU
		{CDC2717D-EF18-4DB3-A484-90D6793E7D80}.Debug|x86.ActiveCfg = Debug|Any CPU
		{CDC2717D-EF18-4DB3-A484-90D6793E7D80}.Debug|x86.Build.0 = Debug|Any CPU
		{CDC2717D-EF18-4DB3-A484-90D6793E7D80}.Release|Any CPU.ActiveCfg = Release|Any CPU
		{CDC2717D-EF18-4DB3-A484-90D6793E7D80}.Release|Any CPU.Build.0 = Release|Any CPU
		{CDC2717D-EF18-4DB3-A484-90D6793E7D80}.Release|x64.ActiveCfg = Release|Any CPU
		{CDC2717D-EF18-4DB3-A484-90D6793E7D80}.Release|x64.Build.0 = Release|Any CPU
		{CDC2717D-EF18-4DB3-A484-90D6793E7D80}.Release|x86.ActiveCfg = Release|Any CPU
		{CDC2717D-EF18-4DB3-A484-90D6793E7D80}.Release|x86.Build.0 = Release|Any CPU
		{731098DC-8E99-472F-BC7E-CF08A237E833}.Debug|Any CPU.ActiveCfg = Debug|Any CPU
		{731098DC-8E99-472F-BC7E-CF08A237E833}.Debug|Any CPU.Build.0 = Debug|Any CPU
		{731098DC-8E99-472F-BC7E-CF08A237E833}.Debug|x64.ActiveCfg = Debug|Any CPU
		{731098DC-8E99-472F-BC7E-CF08A237E833}.Debug|x64.Build.0 = Debug|Any CPU
		{731098DC-8E99-472F-BC7E-CF08A237E833}.Debug|x86.ActiveCfg = Debug|Any CPU
		{731098DC-8E99-472F-BC7E-CF08A237E833}.Debug|x86.Build.0 = Debug|Any CPU
		{731098DC-8E99-472F-BC7E-CF08A237E833}.Release|Any CPU.ActiveCfg = Release|Any CPU
		{731098DC-8E99-472F-BC7E-CF08A237E833}.Release|Any CPU.Build.0 = Release|Any CPU
		{731098DC-8E99-472F-BC7E-CF08A237E833}.Release|x64.ActiveCfg = Release|Any CPU
		{731098DC-8E99-472F-BC7E-CF08A237E833}.Release|x64.Build.0 = Release|Any CPU
		{731098DC-8E99-472F-BC7E-CF08A237E833}.Release|x86.ActiveCfg = Release|Any CPU
		{731098DC-8E99-472F-BC7E-CF08A237E833}.Release|x86.Build.0 = Release|Any CPU
	EndGlobalSection
	GlobalSection(SolutionProperties) = preSolution
		HideSolutionNode = FALSE
	EndGlobalSection
	GlobalSection(NestedProjects) = preSolution
		{647502D0-C8BB-44BB-8BD8-A965EB740E13} = {56C1711B-E0BB-40B0-BAF6-77E3206969A6}
		{38918A95-0C95-474D-8359-8ECCD82EF3D4} = {56C1711B-E0BB-40B0-BAF6-77E3206969A6}
		{C67527D8-12DD-4779-88AC-933CA3E46168} = {56C1711B-E0BB-40B0-BAF6-77E3206969A6}
		{D51BE2FA-34C4-458A-AB87-465735D0C31A} = {CC27194D-7040-412F-B2B0-D306FCB3B55A}
		{12F7B102-D37E-4FCC-BE96-0DA263AD04BA} = {CC27194D-7040-412F-B2B0-D306FCB3B55A}
		{35246774-35E3-465C-ADA1-91FD0B3B414E} = {CC27194D-7040-412F-B2B0-D306FCB3B55A}
		{76C8671F-D8ED-4D63-987B-92DBEA8CDF5B} = {CC27194D-7040-412F-B2B0-D306FCB3B55A}
		{D01951DC-147D-45AE-B247-AAE63AB1EA67} = {52770F4D-C2B2-447A-8498-2D1E13EECA86}
		{94130F06-A2F0-4D69-85D3-73B914CE5860} = {52770F4D-C2B2-447A-8498-2D1E13EECA86}
		{F80FE5A5-A12B-4C20-BB9E-F5D5ED701EFF} = {52770F4D-C2B2-447A-8498-2D1E13EECA86}
		{B946B422-41CB-4901-AE76-1BE8B6AC8559} = {52770F4D-C2B2-447A-8498-2D1E13EECA86}
		{CDC2717D-EF18-4DB3-A484-90D6793E7D80} = {52770F4D-C2B2-447A-8498-2D1E13EECA86}
	EndGlobalSection
	GlobalSection(ExtensibilityGlobals) = postSolution
		SolutionGuid = {DFCB7DF5-52B3-4B9B-9814-3EC16549A76F}
	EndGlobalSection
EndGlobal
